
Microsoft Visual Studio Solution File, Format Version 12.00
# Visual Studio Version 16
VisualStudioVersion = 16.0.31729.503
MinimumVisualStudioVersion = 10.0.40219.1
Project("{FAE04EC0-301F-11D3-BF4B-00C04F79EFBC}") = "Project2", "Project2\Project2.csproj", "{5059DFD0-F872-4A95-8D3A-C5AE24CD319A}"
EndProject
Project("{FAE04EC0-301F-11D3-BF4B-00C04F79EFBC}") = "Project1Cop4365", "..\Project1Cop4365\Project1Cop4365\Project1Cop4365.csproj", "{4C09003E-6AA5-4521-96F2-A2F8359DB7ED}"
EndProject
Global
	GlobalSection(SolutionConfigurationPlatforms) = preSolution
		Debug|Any CPU = Debug|Any CPU
		Release|Any CPU = Release|Any CPU
	EndGlobalSection
	GlobalSection(ProjectConfigurationPlatforms) = postSolution
		{5059DFD0-F872-4A95-8D3A-C5AE24CD319A}.Debug|Any CPU.ActiveCfg = Debug|Any CPU
		{5059DFD0-F872-4A95-8D3A-C5AE24CD319A}.Debug|Any CPU.Build.0 = Debug|Any CPU
		{5059DFD0-F872-4A95-8D3A-C5AE24CD319A}.Release|Any CPU.ActiveCfg = Release|Any CPU
		{5059DFD0-F872-4A95-8D3A-C5AE24CD319A}.Release|Any CPU.Build.0 = Release|Any CPU
		{4C09003E-6AA5-4521-96F2-A2F8359DB7ED}.Debug|Any CPU.ActiveCfg = Debug|Any CPU
		{4C09003E-6AA5-4521-96F2-A2F8359DB7ED}.Debug|Any CPU.Build.0 = Debug|Any CPU
		{4C09003E-6AA5-4521-96F2-A2F8359DB7ED}.Release|Any CPU.ActiveCfg = Release|Any CPU
		{4C09003E-6AA5-4521-96F2-A2F8359DB7ED}.Release|Any CPU.Build.0 = Release|Any CPU
	EndGlobalSection
	GlobalSection(SolutionProperties) = preSolution
		HideSolutionNode = FALSE
	EndGlobalSection
	GlobalSection(ExtensibilityGlobals) = postSolution
		SolutionGuid = {F8446AA0-6A78-47FE-A84E-C163E8307D85}
	EndGlobalSection
EndGlobal
